// !$*UTF8*$!
{
	archiveVersion = 1;
	classes = {
	};
	objectVersion = 56;
	objects = {

/* Begin PBXBuildFile section */
		BA9F14B02E7378C4000A37BF /* MultiStepAnimationView.swift in Sources */ = {isa = PBXBuildFile; fileRef = BA9F14AF2E7378C4000A37BF /* MultiStepAnimationView.swift */; };
		BA9F14B22E73838D000A37BF /* KeyFrameAnimatorDemo.swift in Sources */ = {isa = PBXBuildFile; fileRef = BA9F14B12E73838D000A37BF /* KeyFrameAnimatorDemo.swift */; };
		BAF427AF2C31C54200EC7AB3 /* AnimationDemoApp.swift in Sources */ = {isa = PBXBuildFile; fileRef = BAF427AE2C31C54200EC7AB3 /* AnimationDemoApp.swift */; };
		BAF427B12C31C54200EC7AB3 /* ContentView.swift in Sources */ = {isa = PBXBuildFile; fileRef = BAF427B02C31C54200EC7AB3 /* ContentView.swift */; };
		BAF427B32C31C54500EC7AB3 /* Assets.xcassets in Resources */ = {isa = PBXBuildFile; fileRef = BAF427B22C31C54500EC7AB3 /* Assets.xcassets */; };
		BAF427B62C31C54500EC7AB3 /* Preview Assets.xcassets in Resources */ = {isa = PBXBuildFile; fileRef = BAF427B52C31C54500EC7AB3 /* Preview Assets.xcassets */; };
		BAF427BD2C32309D00EC7AB3 /* ImplicitAnimationView.swift in Sources */ = {isa = PBXBuildFile; fileRef = BAF427BC2C32309D00EC7AB3 /* ImplicitAnimationView.swift */; };
		BAF427BF2C32310200EC7AB3 /* ExplicitAnimationView.swift in Sources */ = {isa = PBXBuildFile; fileRef = BAF427BE2C32310200EC7AB3 /* ExplicitAnimationView.swift */; };
		BAF427C12C3237FA00EC7AB3 /* CombinedAnimationView.swift in Sources */ = {isa = PBXBuildFile; fileRef = BAF427C02C3237FA00EC7AB3 /* CombinedAnimationView.swift */; };
		BAF427C32C32394300EC7AB3 /* MultipleImplicitAnimationsView.swift in Sources */ = {isa = PBXBuildFile; fileRef = BAF427C22C32394300EC7AB3 /* MultipleImplicitAnimationsView.swift */; };
		BAF427D02C3248ED00EC7AB3 /* TimingCurvesAnimationView.swift in Sources */ = {isa = PBXBuildFile; fileRef = BAF427CF2C3248ED00EC7AB3 /* TimingCurvesAnimationView.swift */; };
		BAF9DFAB2C34D36D00D9909F /* TimingCurvesAnimationAdvView.swift in Sources */ = {isa = PBXBuildFile; fileRef = BAF9DFAA2C34D36D00D9909F /* TimingCurvesAnimationAdvView.swift */; };
		BAF9DFB92C34F7C500D9909F /* PhaseAnimationExampleView.swift in Sources */ = {isa = PBXBuildFile; fileRef = BAF9DFB82C34F7C500D9909F /* PhaseAnimationExampleView.swift */; };
/* End PBXBuildFile section */

/* Begin PBXFileReference section */
		BA9F14AF2E7378C4000A37BF /* MultiStepAnimationView.swift */ = {isa = PBXFileReference; lastKnownFileType = sourcecode.swift; path = MultiStepAnimationView.swift; sourceTree = "<group>"; };
		BA9F14B12E73838D000A37BF /* KeyFrameAnimatorDemo.swift */ = {isa = PBXFileReference; lastKnownFileType = sourcecode.swift; path = KeyFrameAnimatorDemo.swift; sourceTree = "<group>"; };
		BAF427AB2C31C54200EC7AB3 /* AnimationDemo.app */ = {isa = PBXFileReference; explicitFileType = wrapper.application; includeInIndex = 0; path = AnimationDemo.app; sourceTree = BUILT_PRODUCTS_DIR; };
		BAF427AE2C31C54200EC7AB3 /* AnimationDemoApp.swift */ = {isa = PBXFileReference; lastKnownFileType = sourcecode.swift; path = AnimationDemoApp.swift; sourceTree = "<group>"; };
		BAF427B02C31C54200EC7AB3 /* ContentView.swift */ = {isa = PBXFileReference; lastKnownFileType = sourcecode.swift; path = ContentView.swift; sourceTree = "<group>"; };
		BAF427B22C31C54500EC7AB3 /* Assets.xcassets */ = {isa = PBXFileReference; lastKnownFileType = folder.assetcatalog; path = Assets.xcassets; sourceTree = "<group>"; };
		BAF427B52C31C54500EC7AB3 /* Preview Assets.xcassets */ = {isa = PBXFileReference; lastKnownFileType = folder.assetcatalog; path = "Preview Assets.xcassets"; sourceTree = "<group>"; };
		BAF427BC2C32309D00EC7AB3 /* ImplicitAnimationView.swift */ = {isa = PBXFileReference; lastKnownFileType = sourcecode.swift; path = ImplicitAnimationView.swift; sourceTree = "<group>"; };
		BAF427BE2C32310200EC7AB3 /* ExplicitAnimationView.swift */ = {isa = PBXFileReference; lastKnownFileType = sourcecode.swift; path = ExplicitAnimationView.swift; sourceTree = "<group>"; };
		BAF427C02C3237FA00EC7AB3 /* CombinedAnimationView.swift */ = {isa = PBXFileReference; lastKnownFileType = sourcecode.swift; path = CombinedAnimationView.swift; sourceTree = "<group>"; };
		BAF427C22C32394300EC7AB3 /* MultipleImplicitAnimationsView.swift */ = {isa = PBXFileReference; lastKnownFileType = sourcecode.swift; path = MultipleImplicitAnimationsView.swift; sourceTree = "<group>"; };
		BAF427CF2C3248ED00EC7AB3 /* TimingCurvesAnimationView.swift */ = {isa = PBXFileReference; lastKnownFileType = sourcecode.swift; path = TimingCurvesAnimationView.swift; sourceTree = "<group>"; };
		BAF9DFAA2C34D36D00D9909F /* TimingCurvesAnimationAdvView.swift */ = {isa = PBXFileReference; lastKnownFileType = sourcecode.swift; path = TimingCurvesAnimationAdvView.swift; sourceTree = "<group>"; };
		BAF9DFB82C34F7C500D9909F /* PhaseAnimationExampleView.swift */ = {isa = PBXFileReference; lastKnownFileType = sourcecode.swift; path = PhaseAnimationExampleView.swift; sourceTree = "<group>"; };
/* End PBXFileReference section */

/* Begin PBXFrameworksBuildPhase section */
		BAF427A82C31C54200EC7AB3 /* Frameworks */ = {
			isa = PBXFrameworksBuildPhase;
			buildActionMask = 2147483647;
			files = (
			);
			runOnlyForDeploymentPostprocessing = 0;
		};
/* End PBXFrameworksBuildPhase section */

/* Begin PBXGroup section */
		BA9F14B32E7780FB000A37BF /* KeyframeAnimation */ = {
			isa = PBXGroup;
			children = (
				BA9F14B12E73838D000A37BF /* KeyFrameAnimatorDemo.swift */,
			);
			path = KeyframeAnimation;
			sourceTree = "<group>";
		};
		BAF427A22C31C54200EC7AB3 = {
			isa = PBXGroup;
			children = (
				BAF427AD2C31C54200EC7AB3 /* AnimationDemo */,
				BAF427AC2C31C54200EC7AB3 /* Products */,
			);
			sourceTree = "<group>";
		};
		BAF427AC2C31C54200EC7AB3 /* Products */ = {
			isa = PBXGroup;
			children = (
				BAF427AB2C31C54200EC7AB3 /* AnimationDemo.app */,
			);
			name = Products;
			sourceTree = "<group>";
		};
		BAF427AD2C31C54200EC7AB3 /* AnimationDemo */ = {
			isa = PBXGroup;
			children = (
				BAF427CC2C32442700EC7AB3 /* Implicit and Explicit */,
				BAF427CD2C32446400EC7AB3 /* Timing Curves */,
				BAF9DFB32C34EF6600D9909F /* PhaseAnimation */,
				BA9F14B32E7780FB000A37BF /* KeyframeAnimation */,
				BAF427B02C31C54200EC7AB3 /* ContentView.swift */,
				BAF427AE2C31C54200EC7AB3 /* AnimationDemoApp.swift */,
				BAF427B22C31C54500EC7AB3 /* Assets.xcassets */,
				BAF427B42C31C54500EC7AB3 /* Preview Content */,
			);
			path = AnimationDemo;
			sourceTree = "<group>";
		};
		BAF427B42C31C54500EC7AB3 /* Preview Content */ = {
			isa = PBXGroup;
			children = (
				BAF427B52C31C54500EC7AB3 /* Preview Assets.xcassets */,
			);
			path = "Preview Content";
			sourceTree = "<group>";
		};
		BAF427CC2C32442700EC7AB3 /* Implicit and Explicit */ = {
			isa = PBXGroup;
			children = (
				BAF427BC2C32309D00EC7AB3 /* ImplicitAnimationView.swift */,
				BAF427BE2C32310200EC7AB3 /* ExplicitAnimationView.swift */,
				BAF427C02C3237FA00EC7AB3 /* CombinedAnimationView.swift */,
				BAF427C22C32394300EC7AB3 /* MultipleImplicitAnimationsView.swift */,
			);
			path = "Implicit and Explicit";
			sourceTree = "<group>";
		};
		BAF427CD2C32446400EC7AB3 /* Timing Curves */ = {
			isa = PBXGroup;
			children = (
				BAF427CF2C3248ED00EC7AB3 /* TimingCurvesAnimationView.swift */,
				BAF9DFAA2C34D36D00D9909F /* TimingCurvesAnimationAdvView.swift */,
			);
			path = "Timing Curves";
			sourceTree = "<group>";
		};
		BAF9DFB32C34EF6600D9909F /* PhaseAnimation */ = {
			isa = PBXGroup;
			children = (
				BAF9DFB82C34F7C500D9909F /* PhaseAnimationExampleView.swift */,
				BA9F14AF2E7378C4000A37BF /* MultiStepAnimationView.swift */,
			);
			path = PhaseAnimation;
			sourceTree = "<group>";
		};
/* End PBXGroup section */

/* Begin PBXNativeTarget section */
		BAF427AA2C31C54200EC7AB3 /* AnimationDemo */ = {
			isa = PBXNativeTarget;
			buildConfigurationList = BAF427B92C31C54500EC7AB3 /* Build configuration list for PBXNativeTarget "AnimationDemo" */;
			buildPhases = (
				BAF427A72C31C54200EC7AB3 /* Sources */,
				BAF427A82C31C54200EC7AB3 /* Frameworks */,
				BAF427A92C31C54200EC7AB3 /* Resources */,
			);
			buildRules = (
			);
			dependencies = (
			);
			name = AnimationDemo;
			productName = AnimationDemo;
			productReference = BAF427AB2C31C54200EC7AB3 /* AnimationDemo.app */;
			productType = "com.apple.product-type.application";
		};
/* End PBXNativeTarget section */

/* Begin PBXProject section */
		BAF427A32C31C54200EC7AB3 /* Project object */ = {
			isa = PBXProject;
			attributes = {
				BuildIndependentTargetsInParallel = 1;
				LastSwiftUpdateCheck = 1520;
				LastUpgradeCheck = 1520;
				TargetAttributes = {
					BAF427AA2C31C54200EC7AB3 = {
						CreatedOnToolsVersion = 15.2;
					};
				};
			};
			buildConfigurationList = BAF427A62C31C54200EC7AB3 /* Build configuration list for PBXProject "AnimationDemo" */;
			compatibilityVersion = "Xcode 14.0";
			developmentRegion = en;
			hasScannedForEncodings = 0;
			knownRegions = (
				en,
				Base,
			);
			mainGroup = BAF427A22C31C54200EC7AB3;
			productRefGroup = BAF427AC2C31C54200EC7AB3 /* Products */;
			projectDirPath = "";
			projectRoot = "";
			targets = (
				BAF427AA2C31C54200EC7AB3 /* AnimationDemo */,
			);
		};
/* End PBXProject section */

/* Begin PBXResourcesBuildPhase section */
		BAF427A92C31C54200EC7AB3 /* Resources */ = {
			isa = PBXResourcesBuildPhase;
			buildActionMask = 2147483647;
			files = (
				BAF427B62C31C54500EC7AB3 /* Preview Assets.xcassets in Resources */,
				BAF427B32C31C54500EC7AB3 /* Assets.xcassets in Resources */,
			);
			runOnlyForDeploymentPostprocessing = 0;
		};
/* End PBXResourcesBuildPhase section */

/* Begin PBXSourcesBuildPhase section */
		BAF427A72C31C54200EC7AB3 /* Sources */ = {
			isa = PBXSourcesBuildPhase;
			buildActionMask = 2147483647;
			files = (
				BAF427C12C3237FA00EC7AB3 /* CombinedAnimationView.swift in Sources */,
				BA9F14B02E7378C4000A37BF /* MultiStepAnimationView.swift in Sources */,
				BAF427BD2C32309D00EC7AB3 /* ImplicitAnimationView.swift in Sources */,
				BAF9DFB92C34F7C500D9909F /* PhaseAnimationExampleView.swift in Sources */,
				BAF427B12C31C54200EC7AB3 /* ContentView.swift in Sources */,
				BAF427D02C3248ED00EC7AB3 /* TimingCurvesAnimationView.swift in Sources */,
				BAF427AF2C31C54200EC7AB3 /* AnimationDemoApp.swift in Sources */,
				BA9F14B22E73838D000A37BF /* KeyFrameAnimatorDemo.swift in Sources */,
				BAF427C32C32394300EC7AB3 /* MultipleImplicitAnimationsView.swift in Sources */,
				BAF427BF2C32310200EC7AB3 /* ExplicitAnimationView.swift in Sources */,
				BAF9DFAB2C34D36D00D9909F /* TimingCurvesAnimationAdvView.swift in Sources */,
			);
			runOnlyForDeploymentPostprocessing = 0;
		};
/* End PBXSourcesBuildPhase section */

/* Begin XCBuildConfiguration section */
		BAF427B72C31C54500EC7AB3 /* Debug */ = {
			isa = XCBuildConfiguration;
			buildSettings = {
				ALWAYS_SEARCH_USER_PATHS = NO;
				ASSETCATALOG_COMPILER_GENERATE_SWIFT_ASSET_SYMBOL_EXTENSIONS = YES;
				CLANG_ANALYZER_NONNULL = YES;
				CLANG_ANALYZER_NUMBER_OBJECT_CONVERSION = YES_AGGRESSIVE;
				CLANG_CXX_LANGUAGE_STANDARD = "gnu++20";
				CLANG_ENABLE_MODULES = YES;
				CLANG_ENABLE_OBJC_ARC = YES;
				CLANG_ENABLE_OBJC_WEAK = YES;
				CLANG_WARN_BLOCK_CAPTURE_AUTORELEASING = YES;
				CLANG_WARN_BOOL_CONVERSION = YES;
				CLANG_WARN_COMMA = YES;
				CLANG_WARN_CONSTANT_CONVERSION = YES;
				CLANG_WARN_DEPRECATED_OBJC_IMPLEMENTATIONS = YES;
				CLANG_WARN_DIRECT_OBJC_ISA_USAGE = YES_ERROR;
				CLANG_WARN_DOCUMENTATION_COMMENTS = YES;
				CLANG_WARN_EMPTY_BODY = YES;
				CLANG_WARN_ENUM_CONVERSION = YES;
				CLANG_WARN_INFINITE_RECURSION = YES;
				CLANG_WARN_INT_CONVERSION = YES;
				CLANG_WARN_NON_LITERAL_NULL_CONVERSION = YES;
				CLANG_WARN_OBJC_IMPLICIT_RETAIN_SELF = YES;
				CLANG_WARN_OBJC_LITERAL_CONVERSION = YES;
				CLANG_WARN_OBJC_ROOT_CLASS = YES_ERROR;
				CLANG_WARN_QUOTED_INCLUDE_IN_FRAMEWORK_HEADER = YES;
				CLANG_WARN_RANGE_LOOP_ANALYSIS = YES;
				CLANG_WARN_STRICT_PROTOTYPES = YES;
				CLANG_WARN_SUSPICIOUS_MOVE = YES;
				CLANG_WARN_UNGUARDED_AVAILABILITY = YES_AGGRESSIVE;
				CLANG_WARN_UNREACHABLE_CODE = YES;
				CLANG_WARN__DUPLICATE_METHOD_MATCH = YES;
				COPY_PHASE_STRIP = NO;
				DEBUG_INFORMATION_FORMAT = dwarf;
				ENABLE_STRICT_OBJC_MSGSEND = YES;
				ENABLE_TESTABILITY = YES;
				ENABLE_USER_SCRIPT_SANDBOXING = YES;
				GCC_C_LANGUAGE_STANDARD = gnu17;
				GCC_DYNAMIC_NO_PIC = NO;
				GCC_NO_COMMON_BLOCKS = YES;
				GCC_OPTIMIZATION_LEVEL = 0;
				GCC_PREPROCESSOR_DEFINITIONS = (
					"DEBUG=1",
					"$(inherited)",
				);
				GCC_WARN_64_TO_32_BIT_CONVERSION = YES;
				GCC_WARN_ABOUT_RETURN_TYPE = YES_ERROR;
				GCC_WARN_UNDECLARED_SELECTOR = YES;
				GCC_WARN_UNINITIALIZED_AUTOS = YES_AGGRESSIVE;
				GCC_WARN_UNUSED_FUNCTION = YES;
				GCC_WARN_UNUSED_VARIABLE = YES;
				IPHONEOS_DEPLOYMENT_TARGET = 17.2;
				LOCALIZATION_PREFERS_STRING_CATALOGS = YES;
				MTL_ENABLE_DEBUG_INFO = INCLUDE_SOURCE;
				MTL_FAST_MATH = YES;
				ONLY_ACTIVE_ARCH = YES;
				SDKROOT = iphoneos;
				SWIFT_ACTIVE_COMPILATION_CONDITIONS = "DEBUG $(inherited)";
				SWIFT_OPTIMIZATION_LEVEL = "-Onone";
			};
			name = Debug;
		};
		BAF427B82C31C54500EC7AB3 /* Release */ = {
			isa = XCBuildConfiguration;
			buildSettings = {
				ALWAYS_SEARCH_USER_PATHS = NO;
				ASSETCATALOG_COMPILER_GENERATE_SWIFT_ASSET_SYMBOL_EXTENSIONS = YES;
				CLANG_ANALYZER_NONNULL = YES;
				CLANG_ANALYZER_NUMBER_OBJECT_CONVERSION = YES_AGGRESSIVE;
				CLANG_CXX_LANGUAGE_STANDARD = "gnu++20";
				CLANG_ENABLE_MODULES = YES;
				CLANG_ENABLE_OBJC_ARC = YES;
				CLANG_ENABLE_OBJC_WEAK = YES;
				CLANG_WARN_BLOCK_CAPTURE_AUTORELEASING = YES;
				CLANG_WARN_BOOL_CONVERSION = YES;
				CLANG_WARN_COMMA = YES;
				CLANG_WARN_CONSTANT_CONVERSION = YES;
				CLANG_WARN_DEPRECATED_OBJC_IMPLEMENTATIONS = YES;
				CLANG_WARN_DIRECT_OBJC_ISA_USAGE = YES_ERROR;
				CLANG_WARN_DOCUMENTATION_COMMENTS = YES;
				CLANG_WARN_EMPTY_BODY = YES;
				CLANG_WARN_ENUM_CONVERSION = YES;
				CLANG_WARN_INFINITE_RECURSION = YES;
				CLANG_WARN_INT_CONVERSION = YES;
				CLANG_WARN_NON_LITERAL_NULL_CONVERSION = YES;
				CLANG_WARN_OBJC_IMPLICIT_RETAIN_SELF = YES;
				CLANG_WARN_OBJC_LITERAL_CONVERSION = YES;
				CLANG_WARN_OBJC_ROOT_CLASS = YES_ERROR;
				CLANG_WARN_QUOTED_INCLUDE_IN_FRAMEWORK_HEADER = YES;
				CLANG_WARN_RANGE_LOOP_ANALYSIS = YES;
				CLANG_WARN_STRICT_PROTOTYPES = YES;
				CLANG_WARN_SUSPICIOUS_MOVE = YES;
				CLANG_WARN_UNGUARDED_AVAILABILITY = YES_AGGRESSIVE;
				CLANG_WARN_UNREACHABLE_CODE = YES;
				CLANG_WARN__DUPLICATE_METHOD_MATCH = YES;
				COPY_PHASE_STRIP = NO;
				DEBUG_INFORMATION_FORMAT = "dwarf-with-dsym";
				ENABLE_NS_ASSERTIONS = NO;
				ENABLE_STRICT_OBJC_MSGSEND = YES;
				ENABLE_USER_SCRIPT_SANDBOXING = YES;
				GCC_C_LANGUAGE_STANDARD = gnu17;
				GCC_NO_COMMON_BLOCKS = YES;
				GCC_WARN_64_TO_32_BIT_CONVERSION = YES;
				GCC_WARN_ABOUT_RETURN_TYPE = YES_ERROR;
				GCC_WARN_UNDECLARED_SELECTOR = YES;
				GCC_WARN_UNINITIALIZED_AUTOS = YES_AGGRESSIVE;
				GCC_WARN_UNUSED_FUNCTION = YES;
				GCC_WARN_UNUSED_VARIABLE = YES;
				IPHONEOS_DEPLOYMENT_TARGET = 17.2;
				LOCALIZATION_PREFERS_STRING_CATALOGS = YES;
				MTL_ENABLE_DEBUG_INFO = NO;
				MTL_FAST_MATH = YES;
				SDKROOT = iphoneos;
				SWIFT_COMPILATION_MODE = wholemodule;
				VALIDATE_PRODUCT = YES;
			};
			name = Release;
		};
		BAF427BA2C31C54500EC7AB3 /* Debug */ = {
			isa = XCBuildConfiguration;
			buildSettings = {
				ASSETCATALOG_COMPILER_APPICON_NAME = AppIcon;
				ASSETCATALOG_COMPILER_GLOBAL_ACCENT_COLOR_NAME = AccentColor;
				CODE_SIGN_STYLE = Automatic;
				CURRENT_PROJECT_VERSION = 1;
				DEVELOPMENT_ASSET_PATHS = "\"AnimationDemo/Preview Content\"";
				DEVELOPMENT_TEAM = "";
				ENABLE_PREVIEWS = YES;
				GENERATE_INFOPLIST_FILE = YES;
				INFOPLIST_KEY_UIApplicationSceneManifest_Generation = YES;
				INFOPLIST_KEY_UIApplicationSupportsIndirectInputEvents = YES;
				INFOPLIST_KEY_UILaunchScreen_Generation = YES;
				INFOPLIST_KEY_UISupportedInterfaceOrientations_iPad = "UIInterfaceOrientationPortrait UIInterfaceOrientationPortraitUpsideDown UIInterfaceOrientationLandscapeLeft UIInterfaceOrientationLandscapeRight";
				INFOPLIST_KEY_UISupportedInterfaceOrientations_iPhone = "UIInterfaceOrientationPortrait UIInterfaceOrientationLandscapeLeft UIInterfaceOrientationLandscapeRight";
				LD_RUNPATH_SEARCH_PATHS = (
					"$(inherited)",
					"@executable_path/Frameworks",
				);
				MARKETING_VERSION = 1.0;
				PRODUCT_BUNDLE_IDENTIFIER = com.ehjconsultancy.AnimationDemo;
				PRODUCT_NAME = "$(TARGET_NAME)";
				SWIFT_EMIT_LOC_STRINGS = YES;
				SWIFT_VERSION = 5.0;
				TARGETED_DEVICE_FAMILY = "1,2";
			};
			name = Debug;
		};
		BAF427BB2C31C54500EC7AB3 /* Release */ = {
			isa = XCBuildConfiguration;
			buildSettings = {
				ASSETCATALOG_COMPILER_APPICON_NAME = AppIcon;
				ASSETCATALOG_COMPILER_GLOBAL_ACCENT_COLOR_NAME = AccentColor;
				CODE_SIGN_STYLE = Automatic;
				CURRENT_PROJECT_VERSION = 1;
				DEVELOPMENT_ASSET_PATHS = "\"AnimationDemo/Preview Content\"";
				DEVELOPMENT_TEAM = "";
				ENABLE_PREVIEWS = YES;
				GENERATE_INFOPLIST_FILE = YES;
				INFOPLIST_KEY_UIApplicationSceneManifest_Generation = YES;
				INFOPLIST_KEY_UIApplicationSupportsIndirectInputEvents = YES;
				INFOPLIST_KEY_UILaunchScreen_Generation = YES;
				INFOPLIST_KEY_UISupportedInterfaceOrientations_iPad = "UIInterfaceOrientationPortrait UIInterfaceOrientationPortraitUpsideDown UIInterfaceOrientationLandscapeLeft UIInterfaceOrientationLandscapeRight";
				INFOPLIST_KEY_UISupportedInterfaceOrientations_iPhone = "UIInterfaceOrientationPortrait UIInterfaceOrientationLandscapeLeft UIInterfaceOrientationLandscapeRight";
				LD_RUNPATH_SEARCH_PATHS = (
					"$(inherited)",
					"@executable_path/Frameworks",
				);
				MARKETING_VERSION = 1.0;
				PRODUCT_BUNDLE_IDENTIFIER = com.ehjconsultancy.AnimationDemo;
				PRODUCT_NAME = "$(TARGET_NAME)";
				SWIFT_EMIT_LOC_STRINGS = YES;
				SWIFT_VERSION = 5.0;
				TARGETED_DEVICE_FAMILY = "1,2";
			};
			name = Release;
		};
/* End XCBuildConfiguration section */

/* Begin XCConfigurationList section */
		BAF427A62C31C54200EC7AB3 /* Build configuration list for PBXProject "AnimationDemo" */ = {
			isa = XCConfigurationList;
			buildConfigurations = (
				BAF427B72C31C54500EC7AB3 /* Debug */,
				BAF427B82C31C54500EC7AB3 /* Release */,
			);
			defaultConfigurationIsVisible = 0;
			defaultConfigurationName = Release;
		};
		BAF427B92C31C54500EC7AB3 /* Build configuration list for PBXNativeTarget "AnimationDemo" */ = {
			isa = XCConfigurationList;
			buildConfigurations = (
				BAF427BA2C31C54500EC7AB3 /* Debug */,
				BAF427BB2C31C54500EC7AB3 /* Release */,
			);
			defaultConfigurationIsVisible = 0;
			defaultConfigurationName = Release;
		};
/* End XCConfigurationList section */
	};
	rootObject = BAF427A32C31C54200EC7AB3 /* Project object */;
}
